
Microsoft Visual Studio Solution File, Format Version 12.00
# Visual Studio 15
VisualStudioVersion = 15.0.27703.2047
MinimumVisualStudioVersion = 10.0.40219.1
Project("{FAE04EC0-301F-11D3-BF4B-00C04F79EFBC}") = "Mandelbrot Plotter", "Mandelbrot Plotter\Mandelbrot Plotter.csproj", "{00A991EA-898F-43B9-924D-CE7E42EC5014}"
EndProject
Global
	GlobalSection(SolutionConfigurationPlatforms) = preSolution
		Debug|Any CPU = Debug|Any CPU
		Release|Any CPU = Release|Any CPU
	EndGlobalSection
	GlobalSection(ProjectConfigurationPlatforms) = postSolution
		{00A991EA-898F-43B9-924D-CE7E42EC5014}.Debug|Any CPU.ActiveCfg = Debug|Any CPU
		{00A991EA-898F-43B9-924D-CE7E42EC5014}.Debug|Any CPU.Build.0 = Debug|Any CPU
		{00A991EA-898F-43B9-924D-CE7E42EC5014}.Release|Any CPU.ActiveCfg = Release|Any CPU
		{00A991EA-898F-43B9-924D-CE7E42EC5014}.Release|Any CPU.Build.0 = Release|Any CPU
	EndGlobalSection
	GlobalSection(SolutionProperties) = preSolution
		HideSolutionNode = FALSE
	EndGlobalSection
	GlobalSection(ExtensibilityGlobals) = postSolution
		SolutionGuid = {0B0EECEB-3A2D-447D-BABE-B1E441F99DA4}
	EndGlobalSection
EndGlobal
